Microsoft Visual Studio Solution File, Format Version 12.00
# Visual Studio Version 17
VisualStudioVersion = 17.5.2.0
MinimumVisualStudioVersion = 10.0.40219.1
Project("{2150E333-8FDC-42A3-9474-1A3956D46DE8}") = "FullStackETicaret", "FullStackETicaret", "{4177C467-DA81-90FE-AC82-28BE7AA3FA00}"
EndProject
Project("{2150E333-8FDC-42A3-9474-1A3956D46DE8}") = "RestApi", "RestApi", "{328072B4-5C35-EA48-E13B-19691C037581}"
EndProject
Project("{FAE04EC0-301F-11D3-BF4B-00C04F79EFBC}") = "RestApi", "FullStackETicaret\RestApi\RestApi\RestApi.csproj", "{19FFD1DC-55F9-0834-9CE0-34F78B14EF77}"
EndProject
Global
	GlobalSection(SolutionConfigurationPlatforms) = preSolution
		Debug|Any CPU = Debug|Any CPU
		Release|Any CPU = Release|Any CPU
	EndGlobalSection
	GlobalSection(ProjectConfigurationPlatforms) = postSolution
		{19FFD1DC-55F9-0834-9CE0-34F78B14EF77}.Debug|Any CPU.ActiveCfg = Debug|Any CPU
		{19FFD1DC-55F9-0834-9CE0-34F78B14EF77}.Debug|Any CPU.Build.0 = Debug|Any CPU
		{19FFD1DC-55F9-0834-9CE0-34F78B14EF77}.Release|Any CPU.ActiveCfg = Release|Any CPU
		{19FFD1DC-55F9-0834-9CE0-34F78B14EF77}.Release|Any CPU.Build.0 = Release|Any CPU
	EndGlobalSection
	GlobalSection(SolutionProperties) = preSolution
		HideSolutionNode = FALSE
	EndGlobalSection
	GlobalSection(NestedProjects) = preSolution
		{328072B4-5C35-EA48-E13B-19691C037581} = {4177C467-DA81-90FE-AC82-28BE7AA3FA00}
		{19FFD1DC-55F9-0834-9CE0-34F78B14EF77} = {328072B4-5C35-EA48-E13B-19691C037581}
	EndGlobalSection
	GlobalSection(ExtensibilityGlobals) = postSolution
		SolutionGuid = {59F215E0-9F12-456F-B3C4-8CC56FE42C56}
	EndGlobalSection
EndGlobal
